
Microsoft Visual Studio Solution File, Format Version 12.00
# Visual Studio 14
VisualStudioVersion = 14.0.25420.1
MinimumVisualStudioVersion = 10.0.40219.1
Project("{FAE04EC0-301F-11D3-BF4B-00C04F79EFBC}") = "OrderIssues.Web", "OrderIssues.Web\OrderIssues.Web.csproj", "{78B86D70-F185-447E-82F1-ED3B0EEA0C34}"
EndProject
Project("{FAE04EC0-301F-11D3-BF4B-00C04F79EFBC}") = "OrderIssues.Data", "OrderIssues.Data\OrderIssues.Data.csproj", "{57EE4368-06CE-466C-9E0C-DABB96AB118A}"
EndProject
Global
	GlobalSection(SolutionConfigurationPlatforms) = preSolution
		Debug|Any CPU = Debug|Any CPU
		Release|Any CPU = Release|Any CPU
	EndGlobalSection
	GlobalSection(ProjectConfigurationPlatforms) = postSolution
		{78B86D70-F185-447E-82F1-ED3B0EEA0C34}.Debug|Any CPU.ActiveCfg = Debug|Any CPU
		{78B86D70-F185-447E-82F1-ED3B0EEA0C34}.Debug|Any CPU.Build.0 = Debug|Any CPU
		{78B86D70-F185-447E-82F1-ED3B0EEA0C34}.Release|Any CPU.ActiveCfg = Release|Any CPU
		{78B86D70-F185-447E-82F1-ED3B0EEA0C34}.Release|Any CPU.Build.0 = Release|Any CPU
		{57EE4368-06CE-466C-9E0C-DABB96AB118A}.Debug|Any CPU.ActiveCfg = Debug|Any CPU
		{57EE4368-06CE-466C-9E0C-DABB96AB118A}.Debug|Any CPU.Build.0 = Debug|Any CPU
		{57EE4368-06CE-466C-9E0C-DABB96AB118A}.Release|Any CPU.ActiveCfg = Release|Any CPU
		{57EE4368-06CE-466C-9E0C-DABB96AB118A}.Release|Any CPU.Build.0 = Release|Any CPU
	EndGlobalSection
	GlobalSection(SolutionProperties) = preSolution
		HideSolutionNode = FALSE
	EndGlobalSection
EndGlobal
